
Microsoft Visual Studio Solution File, Format Version 12.00
# Visual Studio Version 17
VisualStudioVersion = 17.0.31903.59
MinimumVisualStudioVersion = 10.0.40219.1
Project("{FAE04EC0-301F-11D3-BF4B-00C04F79EFBC}") = "WeChip.App", "WeChip.App\WeChip.App.csproj", "{A1183133-064A-457C-9B6C-22C248B58A5F}"
EndProject
Global
	GlobalSection(SolutionConfigurationPlatforms) = preSolution
		Debug|Any CPU = Debug|Any CPU
		Release|Any CPU = Release|Any CPU
	EndGlobalSection
	GlobalSection(ProjectConfigurationPlatforms) = postSolution
		{A1183133-064A-457C-9B6C-22C248B58A5F}.Debug|Any CPU.ActiveCfg = Debug|Any CPU
		{A1183133-064A-457C-9B6C-22C248B58A5F}.Debug|Any CPU.Build.0 = Debug|Any CPU
		{A1183133-064A-457C-9B6C-22C248B58A5F}.Release|Any CPU.ActiveCfg = Release|Any CPU
		{A1183133-064A-457C-9B6C-22C248B58A5F}.Release|Any CPU.Build.0 = Release|Any CPU
	EndGlobalSection
	GlobalSection(SolutionProperties) = preSolution
		HideSolutionNode = FALSE
	EndGlobalSection
	GlobalSection(ExtensibilityGlobals) = postSolution
		SolutionGuid = {2796AEB5-5528-45E7-84BB-E7741E5B4ADD}
	EndGlobalSection
EndGlobal
